{
  "lockfile_version": "1",
  "packages": {
    "bun@1.3.6": {
      "last_modified": "2026-01-23T17:20:52Z",
      "resolved": "github:NixOS/nixpkgs/a1bab9e494f5f4939442a57a58d0449a109593fe#bun",
      "source": "devbox-search",
      "version": "1.3.6",
      "systems": {
        "aarch64-darwin": {
          "outputs": [
            {
              "name": "out",
              "path": "/nix/store/4p5rq1ss65p08xcj71kj33jn2m673bqi-bun-1.3.6",
              "default": true
            }
          ],
          "store_path": "/nix/store/4p5rq1ss65p08xcj71kj33jn2m673bqi-bun-1.3.6"
        },
        "aarch64-linux": {
          "outputs": [
            {
              "name": "out",
              "path": "/nix/store/yd59kr0362s39k25gcm4vkvnrm9x9b8w-bun-1.3.6",
              "default": true
            }
          ],
          "store_path": "/nix/store/yd59kr0362s39k25gcm4vkvnrm9x9b8w-bun-1.3.6"
        },
        "x86_64-darwin": {
          "outputs": [
            {
              "name": "out",
              "path": "/nix/store/2bg6bm7hqi7yqfcx34an9nhpnjjrldnl-bun-1.3.6",
              "default": true
            }
          ],
          "store_path": "/nix/store/2bg6bm7hqi7yqfcx34an9nhpnjjrldnl-bun-1.3.6"
        },
        "x86_64-linux": {
          "outputs": [
            {
              "name": "out",
              "path": "/nix/store/bya2xzd49g08c7c371g36wma3d5ggbp2-bun-1.3.6",
              "default": true
            }
          ],
          "store_path": "/nix/store/bya2xzd49g08c7c371g36wma3d5ggbp2-bun-1.3.6"
        }
      }
    },
    "github:NixOS/nixpkgs/nixpkgs-unstable": {
      "last_modified": "2026-01-02T14:39:32Z",
      "resolved": "github:NixOS/nixpkgs/16c7794d0a28b5a37904d55bcca36003b9109aaa?lastModified=1767364772"
    },
    "jujutsu@0.37.0": {
      "last_modified": "2026-01-23T17:20:52Z",
      "resolved": "github:NixOS/nixpkgs/a1bab9e494f5f4939442a57a58d0449a109593fe#jujutsu",
      "source": "devbox-search",
      "version": "0.37.0",
      "systems": {
        "aarch64-darwin": {
          "outputs": [
            {
              "name": "out",
              "path": "/nix/store/zhc4fnk0g5y122zq53wvak315ycgy4jd-jujutsu-0.37.0",
              "default": true
            }
          ],
          "store_path": "/nix/store/zhc4fnk0g5y122zq53wvak315ycgy4jd-jujutsu-0.37.0"
        },
        "aarch64-linux": {
          "outputs": [
            {
              "name": "out",
              "path": "/nix/store/sgl5mr7wdxg16jqnv3al6z480333ydc8-jujutsu-0.37.0",
              "default": true
            }
          ],
          "store_path": "/nix/store/sgl5mr7wdxg16jqnv3al6z480333ydc8-jujutsu-0.37.0"
        },
        "x86_64-darwin": {
          "outputs": [
            {
              "name": "out",
              "path": "/nix/store/a4j7y34yxij1c7jks4vp145vvry6gcgq-jujutsu-0.37.0",
              "default": true
            }
          ],
          "store_path": "/nix/store/a4j7y34yxij1c7jks4vp145vvry6gcgq-jujutsu-0.37.0"
        },
        "x86_64-linux": {
          "outputs": [
            {
              "name": "out",
              "path": "/nix/store/9ky3la677ra6y4jn0q00dc3jjqa1qhla-jujutsu-0.37.0",
              "default": true
            }
          ],
          "store_path": "/nix/store/9ky3la677ra6y4jn0q00dc3jjqa1qhla-jujutsu-0.37.0"
        }
      }
    },
    "plantuml@latest": {
      "last_modified": "2026-01-24T15:20:28Z",
      "resolved": "github:NixOS/nixpkgs/ab9fbbcf4858bd6d40ba2bbec37ceb4ab6e1f562#plantuml",
      "source": "devbox-search",
      "version": "1.2026.1",
      "systems": {
        "aarch64-darwin": {
          "outputs": [
            {
              "name": "out",
              "path": "/nix/store/jlfkz65aasdjhqampvjyxjzb5c90bi1r-plantuml-1.2026.1",
              "default": true
            }
          ],
          "store_path": "/nix/store/jlfkz65aasdjhqampvjyxjzb5c90bi1r-plantuml-1.2026.1"
        },
        "aarch64-linux": {
          "outputs": [
            {
              "name": "out",
              "path": "/nix/store/1ysf492bz5b9hjphh4k6cxayb2d2vr8y-plantuml-1.2026.1",
              "default": true
            }
          ],
          "store_path": "/nix/store/1ysf492bz5b9hjphh4k6cxayb2d2vr8y-plantuml-1.2026.1"
        },
        "x86_64-darwin": {
          "outputs": [
            {
              "name": "out",
              "path": "/nix/store/y41srjy09l3jz3g5xjmn9jqd5jgzivwa-plantuml-1.2026.1",
              "default": true
            }
          ],
          "store_path": "/nix/store/y41srjy09l3jz3g5xjmn9jqd5jgzivwa-plantuml-1.2026.1"
        },
        "x86_64-linux": {
          "outputs": [
            {
              "name": "out",
              "path": "/nix/store/8m3v6i5k7v5gidslarlvxjz3jn75rify-plantuml-1.2026.1",
              "default": true
            }
          ],
          "store_path": "/nix/store/8m3v6i5k7v5gidslarlvxjz3jn75rify-plantuml-1.2026.1"
        }
      }
    }
  }
}
